
Microsoft Visual Studio Solution File, Format Version 12.00
# Visual Studio 15
VisualStudioVersion = 15.0.27703.2035
MinimumVisualStudioVersion = 10.0.40219.1
Project("{9A19103F-16F7-4668-BE54-9A1E7A4F7556}") = "Fiap01", "Fiap01.csproj", "{8AE89F57-29C4-4DE1-840F-F0D019AD3A0D}"
EndProject
Global
	GlobalSection(SolutionConfigurationPlatforms) = preSolution
		Debug|Any CPU = Debug|Any CPU
		Release|Any CPU = Release|Any CPU
	EndGlobalSection
	GlobalSection(ProjectConfigurationPlatforms) = postSolution
		{8AE89F57-29C4-4DE1-840F-F0D019AD3A0D}.Debug|Any CPU.ActiveCfg = Debug|Any CPU
		{8AE89F57-29C4-4DE1-840F-F0D019AD3A0D}.Debug|Any CPU.Build.0 = Debug|Any CPU
		{8AE89F57-29C4-4DE1-840F-F0D019AD3A0D}.Release|Any CPU.ActiveCfg = Release|Any CPU
		{8AE89F57-29C4-4DE1-840F-F0D019AD3A0D}.Release|Any CPU.Build.0 = Release|Any CPU
	EndGlobalSection
	GlobalSection(SolutionProperties) = preSolution
		HideSolutionNode = FALSE
	EndGlobalSection
	GlobalSection(ExtensibilityGlobals) = postSolution
		SolutionGuid = {E28321F9-4566-48BA-904A-D5925125B422}
	EndGlobalSection
EndGlobal
